<Solution>
  <Folder Name="/CK-Ng-Admin/">
    <Project Path="SLog.Mail.Branding/SLog.Mail.Branding.csproj" />
  </Folder>
  <Folder Name="/Sample/">
    <Project Path="Sample/CK.Ng.Admin.Sample.App/CK.Ng.Admin.Sample.App.csproj" />
    <Project Path="Sample/CK.Ng.Admin.Sample.Builder/CK.Ng.Admin.Sample.Builder.csproj" />
    <Project Path="Sample/CK.Ng.Admin.Sample.Host/CK.Ng.Admin.Sample.Host.csproj" />
  </Folder>
  <Folder Name="/Solution Items/">
    <File Path=".editorconfig" />
    <File Path=".gitignore" />
    <File Path="nuget.config" />
  </Folder>
  <Folder Name="/Tests/">
    <Project Path="Tests/CK.Ng.Admin.Tests/CK.Ng.Admin.Tests.csproj" />
    <Project Path="Tests/CK.Ng.Admin.UserManagement.Tests/CK.Ng.Admin.UserManagement.Tests.csproj" />
  </Folder>
  <Project Path="CK.Ng.Admin.UserManagement/CK.Ng.Admin.UserManagement.csproj" Id="55bb900f-4ba3-489c-8caf-648691ee653c" />
  <Project Path="CK.Ng.Admin.UserManagement.UserBanned/CK.Ng.Admin.UserManagement.UserBanned.csproj" />
  <Project Path="CK.Ng.Admin.UserManagement.UserInvitation/CK.Ng.Admin.UserManagement.UserInvitation.csproj" />
  <Project Path="CK.Ng.Admin/CK.Ng.Admin.csproj" />
</Solution>
