<Solution>
  <Folder Name="/Sample/">
    <Project Path="Sample/CK.Ng.Admin.Sample.App/CK.Ng.Admin.Sample.App.csproj" />
    <Project Path="Sample/CK.Ng.Admin.Sample.Builder/CK.Ng.Admin.Sample.Builder.csproj" />
    <Project Path="Sample/CK.Ng.Admin.Sample.Host/CK.Ng.Admin.Sample.Host.csproj" />
  </Folder>
  <Folder Name="/Solution Items/">
    <File Path=".editorconfig" />
    <File Path=".gitignore" />
    <File Path="nuget.config" />
  </Folder>
  <Folder Name="/Tests/">
    <Project Path="Tests/CK.Ng.Admin.Tests/CK.Ng.Admin.Tests.csproj" />
  </Folder>
  <Project Path="CK.IO.Admin/CK.IO.Admin.csproj" />
  <Project Path="CK.IO.UserManagement/CK.IO.UserManagement.csproj" />
  <Project Path="CK.Ng.Admin.UserManagement/CK.Ng.Admin.UserManagement.csproj" Id="55bb900f-4ba3-489c-8caf-648691ee653c" />
  <Project Path="CK.Ng.Admin/CK.Ng.Admin.csproj" />
</Solution>
